
Microsoft Visual Studio Solution File, Format Version 11.00
# Visual Studio 2010
Project("{FAE04EC0-301F-11D3-BF4B-00C04F79EFBC}") = "POCGitProject", "POCGitProject\POCGitProject.csproj", "{DC7BAC89-6510-47CB-AA31-33CE1D16951C}"
EndProject
Global
	GlobalSection(SolutionConfigurationPlatforms) = preSolution
		Debug|Any CPU = Debug|Any CPU
		Release|Any CPU = Release|Any CPU
	EndGlobalSection
	GlobalSection(ProjectConfigurationPlatforms) = postSolution
		{DC7BAC89-6510-47CB-AA31-33CE1D16951C}.Debug|Any CPU.ActiveCfg = Debug|Any CPU
		{DC7BAC89-6510-47CB-AA31-33CE1D16951C}.Debug|Any CPU.Build.0 = Debug|Any CPU
		{DC7BAC89-6510-47CB-AA31-33CE1D16951C}.Release|Any CPU.ActiveCfg = Release|Any CPU
		{DC7BAC89-6510-47CB-AA31-33CE1D16951C}.Release|Any CPU.Build.0 = Release|Any CPU
	EndGlobalSection
	GlobalSection(SolutionProperties) = preSolution
		HideSolutionNode = FALSE
	EndGlobalSection
EndGlobal
